
Microsoft Visual Studio Solution File, Format Version 12.00
# Visual Studio Version 17
VisualStudioVersion = 17.4.33110.190
MinimumVisualStudioVersion = 10.0.40219.1
Project("{9A19103F-16F7-4668-BE54-9A1E7A4F7556}") = "sdiagffa.host", "sdiagffa.host\sdiagffa.host.csproj", "{9CFAF77A-E927-45F4-AB16-76F372F4ED57}"
EndProject
Project("{9A19103F-16F7-4668-BE54-9A1E7A4F7556}") = "sdiagffa.core", "sdiagffa.core\sdiagffa.core.csproj", "{99E5C3A7-3BCF-4D31-BDED-AAD1597BB968}"
EndProject
Project("{9A19103F-16F7-4668-BE54-9A1E7A4F7556}") = "sdiagffa.test", "sdiagffa.test\sdiagffa.test.csproj", "{9C36A3C1-09C2-463B-9DE3-7FEAEDBD31F6}"
EndProject
Project("{9A19103F-16F7-4668-BE54-9A1E7A4F7556}") = "sdiagffa.application", "sdiagffa.application\sdiagffa.application.csproj", "{F2F2F0D6-A22A-4134-9265-280589BDC0DB}"
EndProject
Project("{9A19103F-16F7-4668-BE54-9A1E7A4F7556}") = "sdiagffa.infrastructure", "sdiagffa.infrastructure\sdiagffa.infrastructure.csproj", "{DD1E454B-486C-4397-B4D3-77A927F50C92}"
EndProject
Global
	GlobalSection(SolutionConfigurationPlatforms) = preSolution
		Debug|Any CPU = Debug|Any CPU
		Release|Any CPU = Release|Any CPU
	EndGlobalSection
	GlobalSection(ProjectConfigurationPlatforms) = postSolution
		{9CFAF77A-E927-45F4-AB16-76F372F4ED57}.Debug|Any CPU.ActiveCfg = Debug|Any CPU
		{9CFAF77A-E927-45F4-AB16-76F372F4ED57}.Debug|Any CPU.Build.0 = Debug|Any CPU
		{9CFAF77A-E927-45F4-AB16-76F372F4ED57}.Release|Any CPU.ActiveCfg = Release|Any CPU
		{9CFAF77A-E927-45F4-AB16-76F372F4ED57}.Release|Any CPU.Build.0 = Release|Any CPU
		{99E5C3A7-3BCF-4D31-BDED-AAD1597BB968}.Debug|Any CPU.ActiveCfg = Debug|Any CPU
		{99E5C3A7-3BCF-4D31-BDED-AAD1597BB968}.Debug|Any CPU.Build.0 = Debug|Any CPU
		{99E5C3A7-3BCF-4D31-BDED-AAD1597BB968}.Release|Any CPU.ActiveCfg = Release|Any CPU
		{99E5C3A7-3BCF-4D31-BDED-AAD1597BB968}.Release|Any CPU.Build.0 = Release|Any CPU
		{9C36A3C1-09C2-463B-9DE3-7FEAEDBD31F6}.Debug|Any CPU.ActiveCfg = Debug|Any CPU
		{9C36A3C1-09C2-463B-9DE3-7FEAEDBD31F6}.Debug|Any CPU.Build.0 = Debug|Any CPU
		{9C36A3C1-09C2-463B-9DE3-7FEAEDBD31F6}.Release|Any CPU.ActiveCfg = Release|Any CPU
		{9C36A3C1-09C2-463B-9DE3-7FEAEDBD31F6}.Release|Any CPU.Build.0 = Release|Any CPU
		{F2F2F0D6-A22A-4134-9265-280589BDC0DB}.Debug|Any CPU.ActiveCfg = Debug|Any CPU
		{F2F2F0D6-A22A-4134-9265-280589BDC0DB}.Debug|Any CPU.Build.0 = Debug|Any CPU
		{F2F2F0D6-A22A-4134-9265-280589BDC0DB}.Release|Any CPU.ActiveCfg = Release|Any CPU
		{F2F2F0D6-A22A-4134-9265-280589BDC0DB}.Release|Any CPU.Build.0 = Release|Any CPU
		{DD1E454B-486C-4397-B4D3-77A927F50C92}.Debug|Any CPU.ActiveCfg = Debug|Any CPU
		{DD1E454B-486C-4397-B4D3-77A927F50C92}.Debug|Any CPU.Build.0 = Debug|Any CPU
		{DD1E454B-486C-4397-B4D3-77A927F50C92}.Release|Any CPU.ActiveCfg = Release|Any CPU
		{DD1E454B-486C-4397-B4D3-77A927F50C92}.Release|Any CPU.Build.0 = Release|Any CPU
	EndGlobalSection
	GlobalSection(SolutionProperties) = preSolution
		HideSolutionNode = FALSE
	EndGlobalSection
	GlobalSection(ExtensibilityGlobals) = postSolution
		SolutionGuid = {14BFA2F6-7537-43AD-963F-BF1A63569E47}
	EndGlobalSection
EndGlobal
